{
  "lockfileVersion": 1,
  "configVersion": 1,
  "workspaces": {
    "": {
      "dependencies": {
        "cytoscape": "^3.33.3",
      },
    },
  },
  "packages": {
    "cytoscape": ["cytoscape@3.33.3", "", {}, "sha512-Gej7U+OKR+LZ8kvX7rb2HhCYJ0IhvEFsnkud4SB1PR+BUY/TsSO0dmOW59WEVLu51b1Rm+gQRKoz4bLYxGSZ2g=="],
  }
}
